<?xml version="1.0" encoding="UTF-8" standalone="yes" ?>
<CodeBlocks_project_file>
	<FileVersion major="1" minor="6" />
	<Project>
		<Option title="ffmpeg" />
		<Option pch_mode="2" />
		<Option compiler="gcc" />
		<Build>
			<Target title="Debug">
				<Option output="bin/Debug/ffmpeg" prefix_auto="1" extension_auto="1" />
				<Option object_output="obj/Debug/" />
				<Option type="1" />
				<Option compiler="gcc" />
				<Option parameters="156.38.174.66 1883 127.0.0.1 1883" />
				<Compiler>
					<Add option="-std=c++11" />
					<Add option="-g" />
					<Add directory="include" />
				</Compiler>
			</Target>
			<Target title="Release">
				<Option output="bin/Release/ffmpeg" prefix_auto="1" extension_auto="1" />
				<Option object_output="obj/Release/" />
				<Option type="1" />
				<Option compiler="gcc" />
				<Option parameters="/home/ian/Person/ffmpeg/" />
				<Compiler>
					<Add option="-O2" />
					<Add option="-std=c++11" />
					<Add directory="include" />
				</Compiler>
				<Linker>
					<Add option="-s" />
				</Linker>
			</Target>
		</Build>
		<Compiler>
			<Add option="-Wall" />
			<Add option="-fexceptions" />
			<Add option="`pkg-config /usr/local/lib/pkgconfig/opencv4.pc --cflags   `" />
		</Compiler>
		<Linker>
			<Add option="`pkg-config /usr/local/lib/pkgconfig/opencv4.pc --libs libavformat libavcodec libavutil libswscale`" />
			<Add library="mosquittopp" />
		</Linker>
		<Unit filename="include/base64.h" />
		<Unit filename="include/mqtt.h" />
		<Unit filename="include/yolodet.h" />
		<Unit filename="main.cpp" />
		<Unit filename="main.h" />
		<Unit filename="src/base64.cpp" />
		<Unit filename="src/mqtt.cpp" />
		<Unit filename="src/yolodet.cpp" />
		<Extensions>
			<envvars />
			<code_completion />
			<debugger />
			<lib_finder disable_auto="1" />
		</Extensions>
	</Project>
</CodeBlocks_project_file>
